
Microsoft Visual Studio Solution File, Format Version 12.00
# Visual Studio Version 17
VisualStudioVersion = 17.9.34607.119
MinimumVisualStudioVersion = 10.0.40219.1
Project("{FAE04EC0-301F-11D3-BF4B-00C04F79EFBC}") = "MetodikaLib", "MetodikaLib\MetodikaLib.csproj", "{3D9E7DDC-5609-47A8-8829-CFA28169200B}"
EndProject
Global
	GlobalSection(SolutionConfigurationPlatforms) = preSolution
		Debug|Any CPU = Debug|Any CPU
		Release|Any CPU = Release|Any CPU
	EndGlobalSection
	GlobalSection(ProjectConfigurationPlatforms) = postSolution
		{3D9E7DDC-5609-47A8-8829-CFA28169200B}.Debug|Any CPU.ActiveCfg = Debug|Any CPU
		{3D9E7DDC-5609-47A8-8829-CFA28169200B}.Debug|Any CPU.Build.0 = Debug|Any CPU
		{3D9E7DDC-5609-47A8-8829-CFA28169200B}.Release|Any CPU.ActiveCfg = Release|Any CPU
		{3D9E7DDC-5609-47A8-8829-CFA28169200B}.Release|Any CPU.Build.0 = Release|Any CPU
	EndGlobalSection
	GlobalSection(SolutionProperties) = preSolution
		HideSolutionNode = FALSE
	EndGlobalSection
	GlobalSection(ExtensibilityGlobals) = postSolution
		SolutionGuid = {52140CE3-38CD-443D-AE68-12A9B2029619}
	EndGlobalSection
EndGlobal
